
Microsoft Visual Studio Solution File, Format Version 12.00
# Visual Studio Version 17
VisualStudioVersion = 17.10.34928.147
MinimumVisualStudioVersion = 10.0.40219.1
Project("{FAE04EC0-301F-11D3-BF4B-00C04F79EFBC}") = "HangFireApplication", "HangFireApplication\HangFireApplication.csproj", "{A2584BAC-C5F1-4BDE-8AFA-9BF6439523C0}"
EndProject
Global
	GlobalSection(SolutionConfigurationPlatforms) = preSolution
		Debug|Any CPU = Debug|Any CPU
		Release|Any CPU = Release|Any CPU
	EndGlobalSection
	GlobalSection(ProjectConfigurationPlatforms) = postSolution
		{A2584BAC-C5F1-4BDE-8AFA-9BF6439523C0}.Debug|Any CPU.ActiveCfg = Debug|Any CPU
		{A2584BAC-C5F1-4BDE-8AFA-9BF6439523C0}.Debug|Any CPU.Build.0 = Debug|Any CPU
		{A2584BAC-C5F1-4BDE-8AFA-9BF6439523C0}.Release|Any CPU.ActiveCfg = Release|Any CPU
		{A2584BAC-C5F1-4BDE-8AFA-9BF6439523C0}.Release|Any CPU.Build.0 = Release|Any CPU
	EndGlobalSection
	GlobalSection(SolutionProperties) = preSolution
		HideSolutionNode = FALSE
	EndGlobalSection
	GlobalSection(ExtensibilityGlobals) = postSolution
		SolutionGuid = {336E633A-FE44-4F15-AFE4-7262EBEC08EF}
	EndGlobalSection
EndGlobal
